lockfileVersion: '9.0'

settings:
  autoInstallPeers: true
  excludeLinksFromLockfile: false

importers:

  .:
    dependencies:
      commander:
        specifier: ^12.1.0
        version: 12.1.0
    devDependencies:
      '@rslib/core':
        specifier: ^0.18.4
        version: 0.18.6(typescript@5.9.3)
      '@types/node':
        specifier: ^20.14.8
        version: 20.19.31
      typescript:
        specifier: ^5.4.2
        version: 5.9.3
      zod:
        specifier: ^3.25.4
        version: 3.25.76

packages:

  '@ast-grep/napi-darwin-arm64@0.37.0':
    resolution: {integrity: sha512-QAiIiaAbLvMEg/yBbyKn+p1gX2/FuaC0SMf7D7capm/oG4xGMzdeaQIcSosF4TCxxV+hIH4Bz9e4/u7w6Bnk3Q==}
    engines: {node: '>= 10'}
    cpu: [arm64]
    os: [darwin]

  '@ast-grep/napi-darwin-x64@0.37.0':
    resolution: {integrity: sha512-zvcvdgekd4ySV3zUbUp8HF5nk5zqwiMXTuVzTUdl/w08O7JjM6XPOIVT+d2o/MqwM9rsXdzdergY5oY2RdhSPA==}
    engines: {node: '>= 10'}
    cpu: [x64]
    os: [darwin]

  '@ast-grep/napi-linux-arm64-gnu@0.37.0':
    resolution: {integrity: sha512-L7Sj0lXy8X+BqSMgr1LB8cCoWk0rericdeu+dC8/c8zpsav5Oo2IQKY1PmiZ7H8IHoFBbURLf8iklY9wsD+cyA==}
    engines: {node: '>= 10'}
    cpu: [arm64]
    os: [linux]

  '@ast-grep/napi-linux-arm64-musl@0.37.0':
    resolution: {integrity: sha512-LF9sAvYy6es/OdyJDO3RwkX3I82Vkfsng1sqUBcoWC1jVb1wX5YVzHtpQox9JrEhGl+bNp7FYxB4Qba9OdA5GA==}
    engines: {node: '>= 10'}
    cpu: [arm64]
    os: [linux]

  '@ast-grep/napi-linux-x64-gnu@0.37.0':
    resolution: {integrity: sha512-TViz5/klqre6aSmJzswEIjApnGjJzstG/SE8VDWsrftMBMYt2PTu3MeluZVwzSqDao8doT/P+6U11dU05UOgxw==}
    engines: {node: '>= 10'}
    cpu: [x64]
    os: [linux]

  '@ast-grep/napi-linux-x64-musl@0.37.0':
    resolution: {integrity: sha512-/BcCH33S9E3ovOAEoxYngUNXgb+JLg991sdyiNP2bSoYd30a9RHrG7CYwW6fMgua3ijQ474eV6cq9yZO1bCpXg==}
    engines: {node: '>= 10'}
    cpu: [x64]
    os: [linux]

  '@ast-grep/napi-win32-arm64-msvc@0.37.0':
    resolution: {integrity: sha512-TjQA4cFoIEW2bgjLkaL9yqT4XWuuLa5MCNd0VCDhGRDMNQ9+rhwi9eLOWRaap3xzT7g+nlbcEHL3AkVCD2+b3A==}
    engines: {node: '>= 10'}
    cpu: [arm64]
    os: [win32]

  '@ast-grep/napi-win32-ia32-msvc@0.37.0':
    resolution: {integrity: sha512-uNmVka8fJCdYsyOlF9aZqQMLTatEYBynjChVTzUfFMDfmZ0bihs/YTqJVbkSm8TZM7CUX82apvn50z/dX5iWRA==}
    engines: {node: '>= 10'}
    cpu: [ia32]
    os: [win32]

  '@ast-grep/napi-win32-x64-msvc@0.37.0':
    resolution: {integrity: sha512-vCiFOT3hSCQuHHfZ933GAwnPzmL0G04JxQEsBRfqONywyT8bSdDc/ECpAfr3S9VcS4JZ9/F6tkePKW/Om2Dq2g==}
    engines: {node: '>= 10'}
    cpu: [x64]
    os: [win32]

  '@ast-grep/napi@0.37.0':
    resolution: {integrity: sha512-Hb4o6h1Pf6yRUAX07DR4JVY7dmQw+RVQMW5/m55GoiAT/VRoKCWBtIUPPOnqDVhbx1Cjfil9b6EDrgJsUAujEQ==}
    engines: {node: '>= 10'}

  '@emnapi/core@1.8.1':
    resolution: {integrity: sha512-AvT9QFpxK0Zd8J0jopedNm+w/2fIzvtPKPjqyw9jwvBaReTTqPBk9Hixaz7KbjimP+QNz605/XnjFcDAL2pqBg==}

  '@emnapi/runtime@1.8.1':
    resolution: {integrity: sha512-mehfKSMWjjNol8659Z8KxEMrdSJDDot5SXMq00dM8BN4o+CLNXQ0xH2V7EchNHV4RmbZLmmPdEaXZc5H2FXmDg==}

  '@emnapi/wasi-threads@1.1.0':
    resolution: {integrity: sha512-WI0DdZ8xFSbgMjR1sFsKABJ/C5OnRrjT06JXbZKexJGrDuPTzZdDYfFlsgcCXCyf+suG5QU2e/y1Wo2V/OapLQ==}

  '@module-federation/error-codes@0.22.0':
    resolution: {integrity: sha512-xF9SjnEy7vTdx+xekjPCV5cIHOGCkdn3pIxo9vU7gEZMIw0SvAEdsy6Uh17xaCpm8V0FWvR0SZoK9Ik6jGOaug==}

  '@module-federation/runtime-core@0.22.0':
    resolution: {integrity: sha512-GR1TcD6/s7zqItfhC87zAp30PqzvceoeDGYTgF3Vx2TXvsfDrhP6Qw9T4vudDQL3uJRne6t7CzdT29YyVxlgIA==}

  '@module-federation/runtime-tools@0.22.0':
    resolution: {integrity: sha512-4ScUJ/aUfEernb+4PbLdhM/c60VHl698Gn1gY21m9vyC1Ucn69fPCA1y2EwcCB7IItseRMoNhdcWQnzt/OPCNA==}

  '@module-federation/runtime@0.22.0':
    resolution: {integrity: sha512-38g5iPju2tPC3KHMPxRKmy4k4onNp6ypFPS1eKGsNLUkXgHsPMBFqAjDw96iEcjri91BrahG4XcdyKi97xZzlA==}

  '@module-federation/sdk@0.22.0':
    resolution: {integrity: sha512-x4aFNBKn2KVQRuNVC5A7SnrSCSqyfIWmm1DvubjbO9iKFe7ith5niw8dqSFBekYBg2Fwy+eMg4sEFNVvCAdo6g==}

  '@module-federation/webpack-bundler-runtime@0.22.0':
    resolution: {integrity: sha512-aM8gCqXu+/4wBmJtVeMeeMN5guw3chf+2i6HajKtQv7SJfxV/f4IyNQJUeUQu9HfiAZHjqtMV5Lvq/Lvh8LdyA==}

  '@napi-rs/wasm-runtime@1.0.7':
    resolution: {integrity: sha512-SeDnOO0Tk7Okiq6DbXmmBODgOAb9dp9gjlphokTUxmt8U3liIP1ZsozBahH69j/RJv+Rfs6IwUKHTgQYJ/HBAw==}

  '@rsbuild/core@1.7.3':
    resolution: {integrity: sha512-kI1oQvCXbQYxUvQPnDLdjSX4gFsbrFNpuUj6jXEJ7IcJ74Q+n4oeFj74/8tKerhxhe0L90m/ZQfzLeN5ORGA9w==}
    engines: {node: '>=18.12.0'}
    hasBin: true

  '@rslib/core@0.18.6':
    resolution: {integrity: sha512-mMjfmtXRPHOCzO1A8KcAQckIHi/vA+qOHT/zK4M8Nnr5h1eAO6HIEN7AvJdgbIf5YXsVH6bXonrXdAwwP0gHow==}
    engines: {node: '>=18.12.0'}
    hasBin: true
    peerDependencies:
      '@microsoft/api-extractor': ^7
      typescript: ^5
    peerDependenciesMeta:
      '@microsoft/api-extractor':
        optional: true
      typescript:
        optional: true

  '@rspack/binding-darwin-arm64@1.7.5':
    resolution: {integrity: sha512-dg2/IrF+g498NUt654N8LFWfIiUsHlTankWieE1S3GWEQM6jweeRbNuu1Py1nWIUsjR2yQtv7ziia7c9Q8UTaQ==}
    cpu: [arm64]
    os: [darwin]

  '@rspack/binding-darwin-x64@1.7.5':
    resolution: {integrity: sha512-RQJX4boQJUu3lo1yiN344+y8W6iSO08ARXIZqFPg66coOgfX1lhsXQSRJGQEQG4PAcYuC0GmrYFzErliifbc1Q==}
    cpu: [x64]
    os: [darwin]

  '@rspack/binding-linux-arm64-gnu@1.7.5':
    resolution: {integrity: sha512-R7CO1crkJQLIQpJQzf+6DMHjvcvH/VxsatS5CG897IIT2aAfBeQuQAO+ERJko/UwSZam2K8Rxjuopcu5A2jsTQ==}
    cpu: [arm64]
    os: [linux]

  '@rspack/binding-linux-arm64-musl@1.7.5':
    resolution: {integrity: sha512-moDVFD06ISZi+wCIjJLzQSr8WO8paViacSHk+rOKQxwKI96cPoC4JFkz0+ibT2uks4i2ecs4Op48orsoguiXxw==}
    cpu: [arm64]
    os: [linux]

  '@rspack/binding-linux-x64-gnu@1.7.5':
    resolution: {integrity: sha512-LGtdsdhtA5IxdMptj2NDVEbuZF4aqM99BVn3saHp92A4Fn20mW9UtQ+19PtaOFdbQBUN1GcP+cosrJ1wY56hOg==}
    cpu: [x64]
    os: [linux]

  '@rspack/binding-linux-x64-musl@1.7.5':
    resolution: {integrity: sha512-V1HTvuj0XF/e4Xnixqf7FrxdCtTkYqn26EKwH7ExUFuVBh4SsLGr29EK5SOXBG0xdy5TSEUokMup7cuONPb3Hw==}
    cpu: [x64]
    os: [linux]

  '@rspack/binding-wasm32-wasi@1.7.5':
    resolution: {integrity: sha512-rGNHrk2QuLFfwOTib91skuLh2aMYeTP4lgM4zanDhtt95DLDlwioETFY7FzY1WmS+Z3qnEyrgQIRp8osy0NKTw==}
    cpu: [wasm32]

  '@rspack/binding-win32-arm64-msvc@1.7.5':
    resolution: {integrity: sha512-eLyD9URS9M2pYa7sPICu9S0OuDAMnnGfuqrZYlrtgnEOEgimaG39gX6ENLwHvlNulaVMMFTNbDnS/2MELZ7r7g==}
    cpu: [arm64]
    os: [win32]

  '@rspack/binding-win32-ia32-msvc@1.7.5':
    resolution: {integrity: sha512-ZT4eC8hHWzweA6S4Tl2c/z/fvhbU7Wnh+l76z+qmDy8wuA8uNrHgIb1mHLPli/wsqcjmIy8rDO9gkIBitg5I+w==}
    cpu: [ia32]
    os: [win32]

  '@rspack/binding-win32-x64-msvc@1.7.5':
    resolution: {integrity: sha512-a2j10QS3dZvW+gdu+FXteAkChxsK2g9BRUOmpt13w22LkiGrdmOkMQyDWRgJNxUGJTlqIUqtXxs72nTTlzo2Sw==}
    cpu: [x64]
    os: [win32]

  '@rspack/binding@1.7.5':
    resolution: {integrity: sha512-tlZfDHfGu765FBL3hIyjrr8slJZztv7rCM+KIczZS7UlJQDl1+WsDKUe/+E1Fw9SlmorLWK40+y3rLTHmMrN2A==}

  '@rspack/core@1.7.5':
    resolution: {integrity: sha512-W1ChLhjBxGg6y4AHjEVjhcww/FZJ2O9obR0EOlYcfrfQGojCAUMeQjbmaF2sse5g5m0vSCaPtNYkycZ0qVRk1A==}
    engines: {node: '>=18.12.0'}
    peerDependencies:
      '@swc/helpers': '>=0.5.1'
    peerDependenciesMeta:
      '@swc/helpers':
        optional: true

  '@rspack/lite-tapable@1.1.0':
    resolution: {integrity: sha512-E2B0JhYFmVAwdDiG14+DW0Di4Ze4Jg10Pc4/lILUrd5DRCaklduz2OvJ5HYQ6G+hd+WTzqQb3QnDNfK4yvAFYw==}

  '@swc/helpers@0.5.18':
    resolution: {integrity: sha512-TXTnIcNJQEKwThMMqBXsZ4VGAza6bvN4pa41Rkqoio6QBKMvo+5lexeTMScGCIxtzgQJzElcvIltani+adC5PQ==}

  '@tybys/wasm-util@0.10.1':
    resolution: {integrity: sha512-9tTaPJLSiejZKx+Bmog4uSubteqTvFrVrURwkmHixBo0G4seD0zUxp98E1DzUBJxLQ3NPwXrGKDiVjwx/DpPsg==}

  '@types/node@20.19.31':
    resolution: {integrity: sha512-5jsi0wpncvTD33Sh1UCgacK37FFwDn+EG7wCmEvs62fCvBL+n8/76cAYDok21NF6+jaVWIqKwCZyX7Vbu8eB3A==}

  commander@12.1.0:
    resolution: {integrity: sha512-Vw8qHK3bZM9y/P10u3Vib8o/DdkvA2OtPtZvD871QKjy74Wj1WSKFILMPRPSdUSx5RFK1arlJzEtA4PkFgnbuA==}
    engines: {node: '>=18'}

  core-js@3.47.0:
    resolution: {integrity: sha512-c3Q2VVkGAUyupsjRnaNX6u8Dq2vAdzm9iuPj5FW0fRxzlxgq9Q39MDq10IvmQSpLgHQNyQzQmOo6bgGHmH3NNg==}

  jiti@2.6.1:
    resolution: {integrity: sha512-ekilCSN1jwRvIbgeg/57YFh8qQDNbwDb9xT/qu2DAHbFFZUicIl4ygVaAvzveMhMVr3LnpSKTNnwt8PoOfmKhQ==}
    hasBin: true

  rsbuild-plugin-dts@0.18.6:
    resolution: {integrity: sha512-E0KxiXxY5T3D+DjMMQS3/DMlNwjzNp1xEYyH68gwI7Ptm3a1ChawvlZ1DqVW5m8NWkdbCbcAyazwOnDD3yVOLQ==}
    engines: {node: '>=18.12.0'}
    peerDependencies:
      '@microsoft/api-extractor': ^7
      '@rsbuild/core': 1.x
      '@typescript/native-preview': 7.x
      typescript: ^5
    peerDependenciesMeta:
      '@microsoft/api-extractor':
        optional: true
      '@typescript/native-preview':
        optional: true
      typescript:
        optional: true

  tslib@2.8.1:
    resolution: {integrity: sha512-oJFu94HQb+KVduSUQL7wnpmqnfmLsOA/nAh6b6EH0wCEoK0/mPeXU6c3wKDV83MkOuHPRHtSXKKU99IBazS/2w==}

  typescript@5.9.3:
    resolution: {integrity: sha512-jl1vZzPDinLr9eUt3J/t7V6FgNEw9QjvBPdysz9KfQDD41fQrC2Y4vKQdiaUpFT4bXlb1RHhLpp8wtm6M5TgSw==}
    engines: {node: '>=14.17'}
    hasBin: true

  undici-types@6.21.0:
    resolution: {integrity: sha512-iwDZqg0QAGrg9Rav5H4n0M64c3mkR59cJ6wQp+7C4nI0gsmExaedaYLNO44eT4AtBBwjbTiGPMlt2Md0T9H9JQ==}

  zod@3.25.76:
    resolution: {integrity: sha512-gzUt/qt81nXsFGKIFcC3YnfEAx5NkunCfnDlvuBSSFS02bcXu4Lmea0AFIUwbLWxWPx3d9p8S5QoaujKcNQxcQ==}

snapshots:

  '@ast-grep/napi-darwin-arm64@0.37.0':
    optional: true

  '@ast-grep/napi-darwin-x64@0.37.0':
    optional: true

  '@ast-grep/napi-linux-arm64-gnu@0.37.0':
    optional: true

  '@ast-grep/napi-linux-arm64-musl@0.37.0':
    optional: true

  '@ast-grep/napi-linux-x64-gnu@0.37.0':
    optional: true

  '@ast-grep/napi-linux-x64-musl@0.37.0':
    optional: true

  '@ast-grep/napi-win32-arm64-msvc@0.37.0':
    optional: true

  '@ast-grep/napi-win32-ia32-msvc@0.37.0':
    optional: true

  '@ast-grep/napi-win32-x64-msvc@0.37.0':
    optional: true

  '@ast-grep/napi@0.37.0':
    optionalDependencies:
      '@ast-grep/napi-darwin-arm64': 0.37.0
      '@ast-grep/napi-darwin-x64': 0.37.0
      '@ast-grep/napi-linux-arm64-gnu': 0.37.0
      '@ast-grep/napi-linux-arm64-musl': 0.37.0
      '@ast-grep/napi-linux-x64-gnu': 0.37.0
      '@ast-grep/napi-linux-x64-musl': 0.37.0
      '@ast-grep/napi-win32-arm64-msvc': 0.37.0
      '@ast-grep/napi-win32-ia32-msvc': 0.37.0
      '@ast-grep/napi-win32-x64-msvc': 0.37.0

  '@emnapi/core@1.8.1':
    dependencies:
      '@emnapi/wasi-threads': 1.1.0
      tslib: 2.8.1
    optional: true

  '@emnapi/runtime@1.8.1':
    dependencies:
      tslib: 2.8.1
    optional: true

  '@emnapi/wasi-threads@1.1.0':
    dependencies:
      tslib: 2.8.1
    optional: true

  '@module-federation/error-codes@0.22.0': {}

  '@module-federation/runtime-core@0.22.0':
    dependencies:
      '@module-federation/error-codes': 0.22.0
      '@module-federation/sdk': 0.22.0

  '@module-federation/runtime-tools@0.22.0':
    dependencies:
      '@module-federation/runtime': 0.22.0
      '@module-federation/webpack-bundler-runtime': 0.22.0

  '@module-federation/runtime@0.22.0':
    dependencies:
      '@module-federation/error-codes': 0.22.0
      '@module-federation/runtime-core': 0.22.0
      '@module-federation/sdk': 0.22.0

  '@module-federation/sdk@0.22.0': {}

  '@module-federation/webpack-bundler-runtime@0.22.0':
    dependencies:
      '@module-federation/runtime': 0.22.0
      '@module-federation/sdk': 0.22.0

  '@napi-rs/wasm-runtime@1.0.7':
    dependencies:
      '@emnapi/core': 1.8.1
      '@emnapi/runtime': 1.8.1
      '@tybys/wasm-util': 0.10.1
    optional: true

  '@rsbuild/core@1.7.3':
    dependencies:
      '@rspack/core': 1.7.5(@swc/helpers@0.5.18)
      '@rspack/lite-tapable': 1.1.0
      '@swc/helpers': 0.5.18
      core-js: 3.47.0
      jiti: 2.6.1

  '@rslib/core@0.18.6(typescript@5.9.3)':
    dependencies:
      '@rsbuild/core': 1.7.3
      rsbuild-plugin-dts: 0.18.6(@rsbuild/core@1.7.3)(typescript@5.9.3)
    optionalDependencies:
      typescript: 5.9.3
    transitivePeerDependencies:
      - '@typescript/native-preview'

  '@rspack/binding-darwin-arm64@1.7.5':
    optional: true

  '@rspack/binding-darwin-x64@1.7.5':
    optional: true

  '@rspack/binding-linux-arm64-gnu@1.7.5':
    optional: true

  '@rspack/binding-linux-arm64-musl@1.7.5':
    optional: true

  '@rspack/binding-linux-x64-gnu@1.7.5':
    optional: true

  '@rspack/binding-linux-x64-musl@1.7.5':
    optional: true

  '@rspack/binding-wasm32-wasi@1.7.5':
    dependencies:
      '@napi-rs/wasm-runtime': 1.0.7
    optional: true

  '@rspack/binding-win32-arm64-msvc@1.7.5':
    optional: true

  '@rspack/binding-win32-ia32-msvc@1.7.5':
    optional: true

  '@rspack/binding-win32-x64-msvc@1.7.5':
    optional: true

  '@rspack/binding@1.7.5':
    optionalDependencies:
      '@rspack/binding-darwin-arm64': 1.7.5
      '@rspack/binding-darwin-x64': 1.7.5
      '@rspack/binding-linux-arm64-gnu': 1.7.5
      '@rspack/binding-linux-arm64-musl': 1.7.5
      '@rspack/binding-linux-x64-gnu': 1.7.5
      '@rspack/binding-linux-x64-musl': 1.7.5
      '@rspack/binding-wasm32-wasi': 1.7.5
      '@rspack/binding-win32-arm64-msvc': 1.7.5
      '@rspack/binding-win32-ia32-msvc': 1.7.5
      '@rspack/binding-win32-x64-msvc': 1.7.5

  '@rspack/core@1.7.5(@swc/helpers@0.5.18)':
    dependencies:
      '@module-federation/runtime-tools': 0.22.0
      '@rspack/binding': 1.7.5
      '@rspack/lite-tapable': 1.1.0
    optionalDependencies:
      '@swc/helpers': 0.5.18

  '@rspack/lite-tapable@1.1.0': {}

  '@swc/helpers@0.5.18':
    dependencies:
      tslib: 2.8.1

  '@tybys/wasm-util@0.10.1':
    dependencies:
      tslib: 2.8.1
    optional: true

  '@types/node@20.19.31':
    dependencies:
      undici-types: 6.21.0

  commander@12.1.0: {}

  core-js@3.47.0: {}

  jiti@2.6.1: {}

  rsbuild-plugin-dts@0.18.6(@rsbuild/core@1.7.3)(typescript@5.9.3):
    dependencies:
      '@ast-grep/napi': 0.37.0
      '@rsbuild/core': 1.7.3
    optionalDependencies:
      typescript: 5.9.3

  tslib@2.8.1: {}

  typescript@5.9.3: {}

  undici-types@6.21.0: {}

  zod@3.25.76: {}
